
Microsoft Visual Studio Solution File, Format Version 12.00
# Visual Studio Version 17
VisualStudioVersion = 17.2.32616.157
MinimumVisualStudioVersion = 10.0.40219.1
Project("{9A19103F-16F7-4668-BE54-9A1E7A4F7556}") = "CreateJwkForMaskinporten", "CreateJwkForMaskinporten\CreateJwkForMaskinporten.csproj", "{04016191-897C-40F5-BBE7-995242B254C9}"
EndProject
Global
	GlobalSection(SolutionConfigurationPlatforms) = preSolution
		Debug|Any CPU = Debug|Any CPU
		Release|Any CPU = Release|Any CPU
	EndGlobalSection
	GlobalSection(ProjectConfigurationPlatforms) = postSolution
		{04016191-897C-40F5-BBE7-995242B254C9}.Debug|Any CPU.ActiveCfg = Debug|Any CPU
		{04016191-897C-40F5-BBE7-995242B254C9}.Debug|Any CPU.Build.0 = Debug|Any CPU
		{04016191-897C-40F5-BBE7-995242B254C9}.Release|Any CPU.ActiveCfg = Release|Any CPU
		{04016191-897C-40F5-BBE7-995242B254C9}.Release|Any CPU.Build.0 = Release|Any CPU
	EndGlobalSection
	GlobalSection(SolutionProperties) = preSolution
		HideSolutionNode = FALSE
	EndGlobalSection
	GlobalSection(ExtensibilityGlobals) = postSolution
		SolutionGuid = {3C0BA7CF-4DDC-492F-BAC2-4DB7C4C71D1D}
	EndGlobalSection
EndGlobal
